// !$*UTF8*$!
{
	archiveVersion = 1;
	classes = {
	};
	objectVersion = 51;
	objects = {

/* Begin PBXBuildFile section */
		98DA111137CAA333BBE8F299 /* Pods_Instagram.framework in Frameworks */ = {isa = PBXBuildFile; fileRef = E34D975410616D649F4DC671 /* Pods_Instagram.framework */; };
		C86B02D02E212FE6EC458987 /* Pods_Instagram_InstagramUITests.framework in Frameworks */ = {isa = PBXBuildFile; fileRef = 33C8483B8F08378104D64E81 /* Pods_Instagram_InstagramUITests.framework */; };
		D5539DBD7A528933E55C1709 /* Pods_InstagramTests.framework in Frameworks */ = {isa = PBXBuildFile; fileRef = EC5B6B0B7608040251EBDF03 /* Pods_InstagramTests.framework */; };
		E4012B3626BB46B500CA55E3 /* CustomTextField.swift in Sources */ = {isa = PBXBuildFile; fileRef = E4012B3526BB46B500CA55E3 /* CustomTextField.swift */; };
		E4012B3826BB4D0700CA55E3 /* CustomButton.swift in Sources */ = {isa = PBXBuildFile; fileRef = E4012B3726BB4D0700CA55E3 /* CustomButton.swift */; };
		E4012B3A26BB4FFC00CA55E3 /* AuthenticationViewModel.swift in Sources */ = {isa = PBXBuildFile; fileRef = E4012B3926BB4FFC00CA55E3 /* AuthenticationViewModel.swift */; };
		E4012B3C26BB790500CA55E3 /* GoogleService-Info.plist in Resources */ = {isa = PBXBuildFile; fileRef = E4012B3B26BB790500CA55E3 /* GoogleService-Info.plist */; };
		E402510C26DA8BBC00FB2C09 /* UploadPostController.swift in Sources */ = {isa = PBXBuildFile; fileRef = E402510B26DA8BBC00FB2C09 /* UploadPostController.swift */; };
		E402510E26DA90F000FB2C09 /* InputTextView.swift in Sources */ = {isa = PBXBuildFile; fileRef = E402510D26DA90F000FB2C09 /* InputTextView.swift */; };
		E44985E826B8D70100C9C844 /* AppDelegate.swift in Sources */ = {isa = PBXBuildFile; fileRef = E44985E726B8D70100C9C844 /* AppDelegate.swift */; };
		E44985EA26B8D70100C9C844 /* SceneDelegate.swift in Sources */ = {isa = PBXBuildFile; fileRef = E44985E926B8D70100C9C844 /* SceneDelegate.swift */; };
		E44985F126B8D70200C9C844 /* Assets.xcassets in Resources */ = {isa = PBXBuildFile; fileRef = E44985F026B8D70200C9C844 /* Assets.xcassets */; };
		E44985F426B8D70200C9C844 /* LaunchScreen.storyboard in Resources */ = {isa = PBXBuildFile; fileRef = E44985F226B8D70200C9C844 /* LaunchScreen.storyboard */; };
		E44985FF26B8D70200C9C844 /* InstagramTests.swift in Sources */ = {isa = PBXBuildFile; fileRef = E44985FE26B8D70200C9C844 /* InstagramTests.swift */; };
		E449860A26B8D70200C9C844 /* InstagramUITests.swift in Sources */ = {isa = PBXBuildFile; fileRef = E449860926B8D70200C9C844 /* InstagramUITests.swift */; };
		E449861E26B8D80200C9C844 /* MainTabController.swift in Sources */ = {isa = PBXBuildFile; fileRef = E449861D26B8D80200C9C844 /* MainTabController.swift */; };
		E449862026B8D90D00C9C844 /* FeedController.swift in Sources */ = {isa = PBXBuildFile; fileRef = E449861F26B8D90D00C9C844 /* FeedController.swift */; };
		E449862226B8D91700C9C844 /* SearchController.swift in Sources */ = {isa = PBXBuildFile; fileRef = E449862126B8D91700C9C844 /* SearchController.swift */; };
		E449862426B8D92100C9C844 /* ImageSelectorController.swift in Sources */ = {isa = PBXBuildFile; fileRef = E449862326B8D92100C9C844 /* ImageSelectorController.swift */; };
		E449862626B8D92A00C9C844 /* NotificationsController.swift in Sources */ = {isa = PBXBuildFile; fileRef = E449862526B8D92A00C9C844 /* NotificationsController.swift */; };
		E449862826B8D93200C9C844 /* ProfileController.swift in Sources */ = {isa = PBXBuildFile; fileRef = E449862726B8D93200C9C844 /* ProfileController.swift */; };
		E467BB9026BCD06D00A82800 /* ImageUploader.swift in Sources */ = {isa = PBXBuildFile; fileRef = E467BB8F26BCD06D00A82800 /* ImageUploader.swift */; };
		E467BB9226BCD08000A82800 /* AuthService.swift in Sources */ = {isa = PBXBuildFile; fileRef = E467BB9126BCD08000A82800 /* AuthService.swift */; };
		E4822C1226BA1ACE002FB2F8 /* FeedCell.swift in Sources */ = {isa = PBXBuildFile; fileRef = E4822C1126BA1ACE002FB2F8 /* FeedCell.swift */; };
		E4822C1726BA1BE0002FB2F8 /* Extensions.swift in Sources */ = {isa = PBXBuildFile; fileRef = E4822C1626BA1BE0002FB2F8 /* Extensions.swift */; };
		E4822C1A26BA26A5002FB2F8 /* LoginController.swift in Sources */ = {isa = PBXBuildFile; fileRef = E4822C1926BA26A5002FB2F8 /* LoginController.swift */; };
		E4822C1C26BA26B1002FB2F8 /* RegistrationController.swift in Sources */ = {isa = PBXBuildFile; fileRef = E4822C1B26BA26B1002FB2F8 /* RegistrationController.swift */; };
		E49EE0FD26D2AF2A00814557 /* UserCell.swift in Sources */ = {isa = PBXBuildFile; fileRef = E49EE0FC26D2AF2A00814557 /* UserCell.swift */; };
		E4B4DE0526D30DC000C293DB /* UserCellViewModel.swift in Sources */ = {isa = PBXBuildFile; fileRef = E4B4DE0426D30DC000C293DB /* UserCellViewModel.swift */; };
		E4CA0AA426BDF013007A7A07 /* ProfileCell.swift in Sources */ = {isa = PBXBuildFile; fileRef = E4CA0AA326BDF013007A7A07 /* ProfileCell.swift */; };
		E4CA0AA626BDF022007A7A07 /* ProfileHeader.swift in Sources */ = {isa = PBXBuildFile; fileRef = E4CA0AA526BDF022007A7A07 /* ProfileHeader.swift */; };
		E4CF3D7426BEE72B0015AEA5 /* UserService.swift in Sources */ = {isa = PBXBuildFile; fileRef = E4CF3D7326BEE72B0015AEA5 /* UserService.swift */; };
		E4CF3D7626BEE7630015AEA5 /* Constants.swift in Sources */ = {isa = PBXBuildFile; fileRef = E4CF3D7526BEE7630015AEA5 /* Constants.swift */; };
		E4CF3D7826BEE95B0015AEA5 /* User.swift in Sources */ = {isa = PBXBuildFile; fileRef = E4CF3D7726BEE95B0015AEA5 /* User.swift */; };
		E4CF3D7A26BEEC710015AEA5 /* ProfileHeaderViewModel.swift in Sources */ = {isa = PBXBuildFile; fileRef = E4CF3D7926BEEC710015AEA5 /* ProfileHeaderViewModel.swift */; };
/* End PBXBuildFile section */

/* Begin PBXContainerItemProxy section */
		E44985FB26B8D70200C9C844 /* PBXContainerItemProxy */ = {
			isa = PBXContainerItemProxy;
			containerPortal = E44985DC26B8D70100C9C844 /* Project object */;
			proxyType = 1;
			remoteGlobalIDString = E44985E326B8D70100C9C844;
			remoteInfo = Instagram;
		};
		E449860626B8D70200C9C844 /* PBXContainerItemProxy */ = {
			isa = PBXContainerItemProxy;
			containerPortal = E44985DC26B8D70100C9C844 /* Project object */;
			proxyType = 1;
			remoteGlobalIDString = E44985E326B8D70100C9C844;
			remoteInfo = Instagram;
		};
/* End PBXContainerItemProxy section */

/* Begin PBXFileReference section */
		2FEC49D24C13E321802C742E /* Pods-Instagram.release.xcconfig */ = {isa = PBXFileReference; includeInIndex = 1; lastKnownFileType = text.xcconfig; name = "Pods-Instagram.release.xcconfig"; path = "Target Support Files/Pods-Instagram/Pods-Instagram.release.xcconfig"; sourceTree = "<group>"; };
		31858E7F99090474D17ED6F7 /* Pods-Instagram.debug.xcconfig */ = {isa = PBXFileReference; includeInIndex = 1; lastKnownFileType = text.xcconfig; name = "Pods-Instagram.debug.xcconfig"; path = "Target Support Files/Pods-Instagram/Pods-Instagram.debug.xcconfig"; sourceTree = "<group>"; };
		33C8483B8F08378104D64E81 /* Pods_Instagram_InstagramUITests.framework */ = {isa = PBXFileReference; explicitFileType = wrapper.framework; includeInIndex = 0; path = Pods_Instagram_InstagramUITests.framework; sourceTree = BUILT_PRODUCTS_DIR; };
		4414273DA91C269AE860B058 /* Pods-Instagram-InstagramUITests.debug.xcconfig */ = {isa = PBXFileReference; includeInIndex = 1; lastKnownFileType = text.xcconfig; name = "Pods-Instagram-InstagramUITests.debug.xcconfig"; path = "Target Support Files/Pods-Instagram-InstagramUITests/Pods-Instagram-InstagramUITests.debug.xcconfig"; sourceTree = "<group>"; };
		6272201C544810BD71A9AB9D /* Pods-Instagram-InstagramUITests.release.xcconfig */ = {isa = PBXFileReference; includeInIndex = 1; lastKnownFileType = text.xcconfig; name = "Pods-Instagram-InstagramUITests.release.xcconfig"; path = "Target Support Files/Pods-Instagram-InstagramUITests/Pods-Instagram-InstagramUITests.release.xcconfig"; sourceTree = "<group>"; };
		DAA3A77105683C9A68C8F85E /* Pods-InstagramTests.debug.xcconfig */ = {isa = PBXFileReference; includeInIndex = 1; lastKnownFileType = text.xcconfig; name = "Pods-InstagramTests.debug.xcconfig"; path = "Target Support Files/Pods-InstagramTests/Pods-InstagramTests.debug.xcconfig"; sourceTree = "<group>"; };
		E34D975410616D649F4DC671 /* Pods_Instagram.framework */ = {isa = PBXFileReference; explicitFileType = wrapper.framework; includeInIndex = 0; path = Pods_Instagram.framework; sourceTree = BUILT_PRODUCTS_DIR; };
		E4012B3526BB46B500CA55E3 /* CustomTextField.swift */ = {isa = PBXFileReference; lastKnownFileType = sourcecode.swift; path = CustomTextField.swift; sourceTree = "<group>"; };
		E4012B3726BB4D0700CA55E3 /* CustomButton.swift */ = {isa = PBXFileReference; lastKnownFileType = sourcecode.swift; path = CustomButton.swift; sourceTree = "<group>"; };
		E4012B3926BB4FFC00CA55E3 /* AuthenticationViewModel.swift */ = {isa = PBXFileReference; lastKnownFileType = sourcecode.swift; path = AuthenticationViewModel.swift; sourceTree = "<group>"; };
		E4012B3B26BB790500CA55E3 /* GoogleService-Info.plist */ = {isa = PBXFileReference; lastKnownFileType = text.plist; path = "GoogleService-Info.plist"; sourceTree = SOURCE_ROOT; };
		E402510B26DA8BBC00FB2C09 /* UploadPostController.swift */ = {isa = PBXFileReference; lastKnownFileType = sourcecode.swift; path = UploadPostController.swift; sourceTree = "<group>"; };
		E402510D26DA90F000FB2C09 /* InputTextView.swift */ = {isa = PBXFileReference; lastKnownFileType = sourcecode.swift; path = InputTextView.swift; sourceTree = "<group>"; };
		E44985E426B8D70100C9C844 /* Instagram.app */ = {isa = PBXFileReference; explicitFileType = wrapper.application; includeInIndex = 0; path = Instagram.app; sourceTree = BUILT_PRODUCTS_DIR; };
		E44985E726B8D70100C9C844 /* AppDelegate.swift */ = {isa = PBXFileReference; lastKnownFileType = sourcecode.swift; path = AppDelegate.swift; sourceTree = "<group>"; };
		E44985E926B8D70100C9C844 /* SceneDelegate.swift */ = {isa = PBXFileReference; lastKnownFileType = sourcecode.swift; path = SceneDelegate.swift; sourceTree = "<group>"; };
		E44985F026B8D70200C9C844 /* Assets.xcassets */ = {isa = PBXFileReference; lastKnownFileType = folder.assetcatalog; path = Assets.xcassets; sourceTree = "<group>"; };
		E44985F326B8D70200C9C844 /* Base */ = {isa = PBXFileReference; lastKnownFileType = file.storyboard; name = Base; path = Base.lproj/LaunchScreen.storyboard; sourceTree = "<group>"; };
		E44985F526B8D70200C9C844 /* Info.plist */ = {isa = PBXFileReference; lastKnownFileType = text.plist.xml; path = Info.plist; sourceTree = "<group>"; };
		E44985FA26B8D70200C9C844 /* InstagramTests.xctest */ = {isa = PBXFileReference; explicitFileType = wrapper.cfbundle; includeInIndex = 0; path = InstagramTests.xctest; sourceTree = BUILT_PRODUCTS_DIR; };
		E44985FE26B8D70200C9C844 /* InstagramTests.swift */ = {isa = PBXFileReference; lastKnownFileType = sourcecode.swift; path = InstagramTests.swift; sourceTree = "<group>"; };
		E449860026B8D70200C9C844 /* Info.plist */ = {isa = PBXFileReference; lastKnownFileType = text.plist.xml; path = Info.plist; sourceTree = "<group>"; };
		E449860526B8D70200C9C844 /* InstagramUITests.xctest */ = {isa = PBXFileReference; explicitFileType = wrapper.cfbundle; includeInIndex = 0; path = InstagramUITests.xctest; sourceTree = BUILT_PRODUCTS_DIR; };
		E449860926B8D70200C9C844 /* InstagramUITests.swift */ = {isa = PBXFileReference; lastKnownFileType = sourcecode.swift; path = InstagramUITests.swift; sourceTree = "<group>"; };
		E449860B26B8D70200C9C844 /* Info.plist */ = {isa = PBXFileReference; lastKnownFileType = text.plist.xml; path = Info.plist; sourceTree = "<group>"; };
		E449861D26B8D80200C9C844 /* MainTabController.swift */ = {isa = PBXFileReference; lastKnownFileType = sourcecode.swift; path = MainTabController.swift; sourceTree = "<group>"; };
		E449861F26B8D90D00C9C844 /* FeedController.swift */ = {isa = PBXFileReference; lastKnownFileType = sourcecode.swift; path = FeedController.swift; sourceTree = "<group>"; };
		E449862126B8D91700C9C844 /* SearchController.swift */ = {isa = PBXFileReference; lastKnownFileType = sourcecode.swift; path = SearchController.swift; sourceTree = "<group>"; };
		E449862326B8D92100C9C844 /* ImageSelectorController.swift */ = {isa = PBXFileReference; lastKnownFileType = sourcecode.swift; path = ImageSelectorController.swift; sourceTree = "<group>"; };
		E449862526B8D92A00C9C844 /* NotificationsController.swift */ = {isa = PBXFileReference; lastKnownFileType = sourcecode.swift; path = NotificationsController.swift; sourceTree = "<group>"; };
		E449862726B8D93200C9C844 /* ProfileController.swift */ = {isa = PBXFileReference; lastKnownFileType = sourcecode.swift; path = ProfileController.swift; sourceTree = "<group>"; };
		E467BB8F26BCD06D00A82800 /* ImageUploader.swift */ = {isa = PBXFileReference; lastKnownFileType = sourcecode.swift; path = ImageUploader.swift; sourceTree = "<group>"; };
		E467BB9126BCD08000A82800 /* AuthService.swift */ = {isa = PBXFileReference; lastKnownFileType = sourcecode.swift; path = AuthService.swift; sourceTree = "<group>"; };
		E4822C1126BA1ACE002FB2F8 /* FeedCell.swift */ = {isa = PBXFileReference; lastKnownFileType = sourcecode.swift; path = FeedCell.swift; sourceTree = "<group>"; };
		E4822C1626BA1BE0002FB2F8 /* Extensions.swift */ = {isa = PBXFileReference; fileEncoding = 4; lastKnownFileType = sourcecode.swift; path = Extensions.swift; sourceTree = "<group>"; };
		E4822C1926BA26A5002FB2F8 /* LoginController.swift */ = {isa = PBXFileReference; lastKnownFileType = sourcecode.swift; path = LoginController.swift; sourceTree = "<group>"; };
		E4822C1B26BA26B1002FB2F8 /* RegistrationController.swift */ = {isa = PBXFileReference; lastKnownFileType = sourcecode.swift; path = RegistrationController.swift; sourceTree = "<group>"; };
		E49EE0FC26D2AF2A00814557 /* UserCell.swift */ = {isa = PBXFileReference; lastKnownFileType = sourcecode.swift; path = UserCell.swift; sourceTree = "<group>"; };
		E4B4DE0426D30DC000C293DB /* UserCellViewModel.swift */ = {isa = PBXFileReference; lastKnownFileType = sourcecode.swift; path = UserCellViewModel.swift; sourceTree = "<group>"; };
		E4CA0AA326BDF013007A7A07 /* ProfileCell.swift */ = {isa = PBXFileReference; lastKnownFileType = sourcecode.swift; path = ProfileCell.swift; sourceTree = "<group>"; };
		E4CA0AA526BDF022007A7A07 /* ProfileHeader.swift */ = {isa = PBXFileReference; lastKnownFileType = sourcecode.swift; path = ProfileHeader.swift; sourceTree = "<group>"; };
		E4CF3D7326BEE72B0015AEA5 /* UserService.swift */ = {isa = PBXFileReference; lastKnownFileType = sourcecode.swift; path = UserService.swift; sourceTree = "<group>"; };
		E4CF3D7526BEE7630015AEA5 /* Constants.swift */ = {isa = PBXFileReference; lastKnownFileType = sourcecode.swift; path = Constants.swift; sourceTree = "<group>"; };
		E4CF3D7726BEE95B0015AEA5 /* User.swift */ = {isa = PBXFileReference; lastKnownFileType = sourcecode.swift; path = User.swift; sourceTree = "<group>"; };
		E4CF3D7926BEEC710015AEA5 /* ProfileHeaderViewModel.swift */ = {isa = PBXFileReference; lastKnownFileType = sourcecode.swift; path = ProfileHeaderViewModel.swift; sourceTree = "<group>"; };
		E756395BFEA8F165DE2D7283 /* Pods-InstagramTests.release.xcconfig */ = {isa = PBXFileReference; includeInIndex = 1; lastKnownFileType = text.xcconfig; name = "Pods-InstagramTests.release.xcconfig"; path = "Target Support Files/Pods-InstagramTests/Pods-InstagramTests.release.xcconfig"; sourceTree = "<group>"; };
		EC5B6B0B7608040251EBDF03 /* Pods_InstagramTests.framework */ = {isa = PBXFileReference; explicitFileType = wrapper.framework; includeInIndex = 0; path = Pods_InstagramTests.framework; sourceTree = BUILT_PRODUCTS_DIR; };
/* End PBXFileReference section */

/* Begin PBXFrameworksBuildPhase section */
		E44985E126B8D70100C9C844 /* Frameworks */ = {
			isa = PBXFrameworksBuildPhase;
			buildActionMask = 2147483647;
			files = (
				98DA111137CAA333BBE8F299 /* Pods_Instagram.framework in Frameworks */,
			);
			runOnlyForDeploymentPostprocessing = 0;
		};
		E44985F726B8D70200C9C844 /* Frameworks */ = {
			isa = PBXFrameworksBuildPhase;
			buildActionMask = 2147483647;
			files = (
				D5539DBD7A528933E55C1709 /* Pods_InstagramTests.framework in Frameworks */,
			);
			runOnlyForDeploymentPostprocessing = 0;
		};
		E449860226B8D70200C9C844 /* Frameworks */ = {
			isa = PBXFrameworksBuildPhase;
			buildActionMask = 2147483647;
			files = (
				C86B02D02E212FE6EC458987 /* Pods_Instagram_InstagramUITests.framework in Frameworks */,
			);
			runOnlyForDeploymentPostprocessing = 0;
		};
/* End PBXFrameworksBuildPhase section */

/* Begin PBXGroup section */
		A46096BCD36DEBCA901726CB /* Pods */ = {
			isa = PBXGroup;
			children = (
				31858E7F99090474D17ED6F7 /* Pods-Instagram.debug.xcconfig */,
				2FEC49D24C13E321802C742E /* Pods-Instagram.release.xcconfig */,
				4414273DA91C269AE860B058 /* Pods-Instagram-InstagramUITests.debug.xcconfig */,
				6272201C544810BD71A9AB9D /* Pods-Instagram-InstagramUITests.release.xcconfig */,
				DAA3A77105683C9A68C8F85E /* Pods-InstagramTests.debug.xcconfig */,
				E756395BFEA8F165DE2D7283 /* Pods-InstagramTests.release.xcconfig */,
			);
			path = Pods;
			sourceTree = "<group>";
		};
		E44985DB26B8D70100C9C844 = {
			isa = PBXGroup;
			children = (
				E44985E626B8D70100C9C844 /* Instagram */,
				E44985FD26B8D70200C9C844 /* InstagramTests */,
				E449860826B8D70200C9C844 /* InstagramUITests */,
				E44985E526B8D70100C9C844 /* Products */,
				A46096BCD36DEBCA901726CB /* Pods */,
				F58DA9921443F91A493342AD /* Frameworks */,
			);
			sourceTree = "<group>";
		};
		E44985E526B8D70100C9C844 /* Products */ = {
			isa = PBXGroup;
			children = (
				E44985E426B8D70100C9C844 /* Instagram.app */,
				E44985FA26B8D70200C9C844 /* InstagramTests.xctest */,
				E449860526B8D70200C9C844 /* InstagramUITests.xctest */,
			);
			name = Products;
			sourceTree = "<group>";
		};
		E44985E626B8D70100C9C844 /* Instagram */ = {
			isa = PBXGroup;
			children = (
				E449861726B8D7B200C9C844 /* Model */,
				E449861826B8D7B700C9C844 /* View */,
				E449861926B8D7BF00C9C844 /* ViewModel */,
				E449861A26B8D7C500C9C844 /* Controller */,
				E449861B26B8D7CA00C9C844 /* API */,
				E449861C26B8D7CE00C9C844 /* Utils */,
				E44985E726B8D70100C9C844 /* AppDelegate.swift */,
				E44985E926B8D70100C9C844 /* SceneDelegate.swift */,
				E44985F026B8D70200C9C844 /* Assets.xcassets */,
				E44985F226B8D70200C9C844 /* LaunchScreen.storyboard */,
				E44985F526B8D70200C9C844 /* Info.plist */,
				E4012B3B26BB790500CA55E3 /* GoogleService-Info.plist */,
			);
			path = Instagram;
			sourceTree = "<group>";
		};
		E44985FD26B8D70200C9C844 /* InstagramTests */ = {
			isa = PBXGroup;
			children = (
				E44985FE26B8D70200C9C844 /* InstagramTests.swift */,
				E449860026B8D70200C9C844 /* Info.plist */,
			);
			path = InstagramTests;
			sourceTree = "<group>";
		};
		E449860826B8D70200C9C844 /* InstagramUITests */ = {
			isa = PBXGroup;
			children = (
				E449860926B8D70200C9C844 /* InstagramUITests.swift */,
				E449860B26B8D70200C9C844 /* Info.plist */,
			);
			path = InstagramUITests;
			sourceTree = "<group>";
		};
		E449861726B8D7B200C9C844 /* Model */ = {
			isa = PBXGroup;
			children = (
				E4CF3D7726BEE95B0015AEA5 /* User.swift */,
			);
			path = Model;
			sourceTree = "<group>";
		};
		E449861826B8D7B700C9C844 /* View */ = {
			isa = PBXGroup;
			children = (
				E4CA0AA726BDF025007A7A07 /* Profile */,
				E4822C1126BA1ACE002FB2F8 /* FeedCell.swift */,
				E4012B3526BB46B500CA55E3 /* CustomTextField.swift */,
				E4012B3726BB4D0700CA55E3 /* CustomButton.swift */,
				E49EE0FC26D2AF2A00814557 /* UserCell.swift */,
			);
			path = View;
			sourceTree = "<group>";
		};
		E449861926B8D7BF00C9C844 /* ViewModel */ = {
			isa = PBXGroup;
			children = (
				E4012B3926BB4FFC00CA55E3 /* AuthenticationViewModel.swift */,
				E4CF3D7926BEEC710015AEA5 /* ProfileHeaderViewModel.swift */,
				E4B4DE0426D30DC000C293DB /* UserCellViewModel.swift */,
			);
			path = ViewModel;
			sourceTree = "<group>";
		};
		E449861A26B8D7C500C9C844 /* Controller */ = {
			isa = PBXGroup;
			children = (
				E4822C1826BA268A002FB2F8 /* Authentication */,
				E449861D26B8D80200C9C844 /* MainTabController.swift */,
				E449861F26B8D90D00C9C844 /* FeedController.swift */,
				E449862126B8D91700C9C844 /* SearchController.swift */,
				E449862326B8D92100C9C844 /* ImageSelectorController.swift */,
				E449862526B8D92A00C9C844 /* NotificationsController.swift */,
				E449862726B8D93200C9C844 /* ProfileController.swift */,
				E402510B26DA8BBC00FB2C09 /* UploadPostController.swift */,
			);
			path = Controller;
			sourceTree = "<group>";
		};
		E449861B26B8D7CA00C9C844 /* API */ = {
			isa = PBXGroup;
			children = (
				E467BB8F26BCD06D00A82800 /* ImageUploader.swift */,
				E467BB9126BCD08000A82800 /* AuthService.swift */,
				E4CF3D7326BEE72B0015AEA5 /* UserService.swift */,
			);
			path = API;
			sourceTree = "<group>";
		};
		E449861C26B8D7CE00C9C844 /* Utils */ = {
			isa = PBXGroup;
			children = (
				E4822C1626BA1BE0002FB2F8 /* Extensions.swift */,
				E4CF3D7526BEE7630015AEA5 /* Constants.swift */,
				E402510D26DA90F000FB2C09 /* InputTextView.swift */,
			);
			path = Utils;
			sourceTree = "<group>";
		};
		E4822C1826BA268A002FB2F8 /* Authentication */ = {
			isa = PBXGroup;
			children = (
				E4822C1926BA26A5002FB2F8 /* LoginController.swift */,
				E4822C1B26BA26B1002FB2F8 /* RegistrationController.swift */,
			);
			path = Authentication;
			sourceTree = "<group>";
		};
		E4CA0AA726BDF025007A7A07 /* Profile */ = {
			isa = PBXGroup;
			children = (
				E4CA0AA326BDF013007A7A07 /* ProfileCell.swift */,
				E4CA0AA526BDF022007A7A07 /* ProfileHeader.swift */,
			);
			path = Profile;
			sourceTree = "<group>";
		};
		F58DA9921443F91A493342AD /* Frameworks */ = {
			isa = PBXGroup;
			children = (
				E34D975410616D649F4DC671 /* Pods_Instagram.framework */,
				33C8483B8F08378104D64E81 /* Pods_Instagram_InstagramUITests.framework */,
				EC5B6B0B7608040251EBDF03 /* Pods_InstagramTests.framework */,
			);
			name = Frameworks;
			sourceTree = "<group>";
		};
/* End PBXGroup section */

/* Begin PBXNativeTarget section */
		E44985E326B8D70100C9C844 /* Instagram */ = {
			isa = PBXNativeTarget;
			buildConfigurationList = E449860E26B8D70200C9C844 /* Build configuration list for PBXNativeTarget "Instagram" */;
			buildPhases = (
				6D8A41C11891F8E06A9773B0 /* [CP] Check Pods Manifest.lock */,
				E44985E026B8D70100C9C844 /* Sources */,
				E44985E126B8D70100C9C844 /* Frameworks */,
				E44985E226B8D70100C9C844 /* Resources */,
				5E5A69DA38852C95572B7D3E /* [CP] Embed Pods Frameworks */,
			);
			buildRules = (
			);
			dependencies = (
			);
			name = Instagram;
			productName = Instagram;
			productReference = E44985E426B8D70100C9C844 /* Instagram.app */;
			productType = "com.apple.product-type.application";
		};
		E44985F926B8D70200C9C844 /* InstagramTests */ = {
			isa = PBXNativeTarget;
			buildConfigurationList = E449861126B8D70200C9C844 /* Build configuration list for PBXNativeTarget "InstagramTests" */;
			buildPhases = (
				7EFF5C7A3046E151BA51929A /* [CP] Check Pods Manifest.lock */,
				E44985F626B8D70200C9C844 /* Sources */,
				E44985F726B8D70200C9C844 /* Frameworks */,
				E44985F826B8D70200C9C844 /* Resources */,
			);
			buildRules = (
			);
			dependencies = (
				E44985FC26B8D70200C9C844 /* PBXTargetDependency */,
			);
			name = InstagramTests;
			productName = InstagramTests;
			productReference = E44985FA26B8D70200C9C844 /* InstagramTests.xctest */;
			productType = "com.apple.product-type.bundle.unit-test";
		};
		E449860426B8D70200C9C844 /* InstagramUITests */ = {
			isa = PBXNativeTarget;
			buildConfigurationList = E449861426B8D70200C9C844 /* Build configuration list for PBXNativeTarget "InstagramUITests" */;
			buildPhases = (
				A254E873C7F1C9FD563134A8 /* [CP] Check Pods Manifest.lock */,
				E449860126B8D70200C9C844 /* Sources */,
				E449860226B8D70200C9C844 /* Frameworks */,
				E449860326B8D70200C9C844 /* Resources */,
				DF5AE34D2E2D66206C065941 /* [CP] Embed Pods Frameworks */,
			);
			buildRules = (
			);
			dependencies = (
				E449860726B8D70200C9C844 /* PBXTargetDependency */,
			);
			name = InstagramUITests;
			productName = InstagramUITests;
			productReference = E449860526B8D70200C9C844 /* InstagramUITests.xctest */;
			productType = "com.apple.product-type.bundle.ui-testing";
		};
/* End PBXNativeTarget section */

/* Begin PBXProject section */
		E44985DC26B8D70100C9C844 /* Project object */ = {
			isa = PBXProject;
			attributes = {
				LastSwiftUpdateCheck = 1250;
				LastUpgradeCheck = 1250;
				TargetAttributes = {
					E44985E326B8D70100C9C844 = {
						CreatedOnToolsVersion = 12.5;
					};
					E44985F926B8D70200C9C844 = {
						CreatedOnToolsVersion = 12.5;
						TestTargetID = E44985E326B8D70100C9C844;
					};
					E449860426B8D70200C9C844 = {
						CreatedOnToolsVersion = 12.5;
						TestTargetID = E44985E326B8D70100C9C844;
					};
				};
			};
			buildConfigurationList = E44985DF26B8D70100C9C844 /* Build configuration list for PBXProject "Instagram" */;
			compatibilityVersion = "Xcode 9.3";
			developmentRegion = en;
			hasScannedForEncodings = 0;
			knownRegions = (
				en,
				Base,
			);
			mainGroup = E44985DB26B8D70100C9C844;
			productRefGroup = E44985E526B8D70100C9C844 /* Products */;
			projectDirPath = "";
			projectRoot = "";
			targets = (
				E44985E326B8D70100C9C844 /* Instagram */,
				E44985F926B8D70200C9C844 /* InstagramTests */,
				E449860426B8D70200C9C844 /* InstagramUITests */,
			);
		};
/* End PBXProject section */

/* Begin PBXResourcesBuildPhase section */
		E44985E226B8D70100C9C844 /* Resources */ = {
			isa = PBXResourcesBuildPhase;
			buildActionMask = 2147483647;
			files = (
				E44985F426B8D70200C9C844 /* LaunchScreen.storyboard in Resources */,
				E44985F126B8D70200C9C844 /* Assets.xcassets in Resources */,
				E4012B3C26BB790500CA55E3 /* GoogleService-Info.plist in Resources */,
			);
			runOnlyForDeploymentPostprocessing = 0;
		};
		E44985F826B8D70200C9C844 /* Resources */ = {
			isa = PBXResourcesBuildPhase;
			buildActionMask = 2147483647;
			files = (
			);
			runOnlyForDeploymentPostprocessing = 0;
		};
		E449860326B8D70200C9C844 /* Resources */ = {
			isa = PBXResourcesBuildPhase;
			buildActionMask = 2147483647;
			files = (
			);
			runOnlyForDeploymentPostprocessing = 0;
		};
/* End PBXResourcesBuildPhase section */

/* Begin PBXShellScriptBuildPhase section */
		5E5A69DA38852C95572B7D3E /* [CP] Embed Pods Frameworks */ = {
			isa = PBXShellScriptBuildPhase;
			buildActionMask = 2147483647;
			files = (
			);
			inputFileListPaths = (
				"${PODS_ROOT}/Target Support Files/Pods-Instagram/Pods-Instagram-frameworks-${CONFIGURATION}-input-files.xcfilelist",
			);
			name = "[CP] Embed Pods Frameworks";
			outputFileListPaths = (
				"${PODS_ROOT}/Target Support Files/Pods-Instagram/Pods-Instagram-frameworks-${CONFIGURATION}-output-files.xcfilelist",
			);
			runOnlyForDeploymentPostprocessing = 0;
			shellPath = /bin/sh;
			shellScript = "\"${PODS_ROOT}/Target Support Files/Pods-Instagram/Pods-Instagram-frameworks.sh\"\n";
			showEnvVarsInLog = 0;
		};
		6D8A41C11891F8E06A9773B0 /* [CP] Check Pods Manifest.lock */ = {
			isa = PBXShellScriptBuildPhase;
			buildActionMask = 2147483647;
			files = (
			);
			inputFileListPaths = (
			);
			inputPaths = (
				"${PODS_PODFILE_DIR_PATH}/Podfile.lock",
				"${PODS_ROOT}/Manifest.lock",
			);
			name = "[CP] Check Pods Manifest.lock";
			outputFileListPaths = (
			);
			outputPaths = (
				"$(DERIVED_FILE_DIR)/Pods-Instagram-checkManifestLockResult.txt",
			);
			runOnlyForDeploymentPostprocessing = 0;
			shellPath = /bin/sh;
			shellScript = "diff \"${PODS_PODFILE_DIR_PATH}/Podfile.lock\" \"${PODS_ROOT}/Manifest.lock\" > /dev/null\nif [ $? != 0 ] ; then\n    # print error to STDERR\n    echo \"error: The sandbox is not in sync with the Podfile.lock. Run 'pod install' or update your CocoaPods installation.\" >&2\n    exit 1\nfi\n# This output is used by Xcode 'outputs' to avoid re-running this script phase.\necho \"SUCCESS\" > \"${SCRIPT_OUTPUT_FILE_0}\"\n";
			showEnvVarsInLog = 0;
		};
		7EFF5C7A3046E151BA51929A /* [CP] Check Pods Manifest.lock */ = {
			isa = PBXShellScriptBuildPhase;
			buildActionMask = 2147483647;
			files = (
			);
			inputFileListPaths = (
			);
			inputPaths = (
				"${PODS_PODFILE_DIR_PATH}/Podfile.lock",
				"${PODS_ROOT}/Manifest.lock",
			);
			name = "[CP] Check Pods Manifest.lock";
			outputFileListPaths = (
			);
			outputPaths = (
				"$(DERIVED_FILE_DIR)/Pods-InstagramTests-checkManifestLockResult.txt",
			);
			runOnlyForDeploymentPostprocessing = 0;
			shellPath = /bin/sh;
			shellScript = "diff \"${PODS_PODFILE_DIR_PATH}/Podfile.lock\" \"${PODS_ROOT}/Manifest.lock\" > /dev/null\nif [ $? != 0 ] ; then\n    # print error to STDERR\n    echo \"error: The sandbox is not in sync with the Podfile.lock. Run 'pod install' or update your CocoaPods installation.\" >&2\n    exit 1\nfi\n# This output is used by Xcode 'outputs' to avoid re-running this script phase.\necho \"SUCCESS\" > \"${SCRIPT_OUTPUT_FILE_0}\"\n";
			showEnvVarsInLog = 0;
		};
		A254E873C7F1C9FD563134A8 /* [CP] Check Pods Manifest.lock */ = {
			isa = PBXShellScriptBuildPhase;
			buildActionMask = 2147483647;
			files = (
			);
			inputFileListPaths = (
			);
			inputPaths = (
				"${PODS_PODFILE_DIR_PATH}/Podfile.lock",
				"${PODS_ROOT}/Manifest.lock",
			);
			name = "[CP] Check Pods Manifest.lock";
			outputFileListPaths = (
			);
			outputPaths = (
				"$(DERIVED_FILE_DIR)/Pods-Instagram-InstagramUITests-checkManifestLockResult.txt",
			);
			runOnlyForDeploymentPostprocessing = 0;
			shellPath = /bin/sh;
			shellScript = "diff \"${PODS_PODFILE_DIR_PATH}/Podfile.lock\" \"${PODS_ROOT}/Manifest.lock\" > /dev/null\nif [ $? != 0 ] ; then\n    # print error to STDERR\n    echo \"error: The sandbox is not in sync with the Podfile.lock. Run 'pod install' or update your CocoaPods installation.\" >&2\n    exit 1\nfi\n# This output is used by Xcode 'outputs' to avoid re-running this script phase.\necho \"SUCCESS\" > \"${SCRIPT_OUTPUT_FILE_0}\"\n";
			showEnvVarsInLog = 0;
		};
		DF5AE34D2E2D66206C065941 /* [CP] Embed Pods Frameworks */ = {
			isa = PBXShellScriptBuildPhase;
			buildActionMask = 2147483647;
			files = (
			);
			inputFileListPaths = (
				"${PODS_ROOT}/Target Support Files/Pods-Instagram-InstagramUITests/Pods-Instagram-InstagramUITests-frameworks-${CONFIGURATION}-input-files.xcfilelist",
			);
			name = "[CP] Embed Pods Frameworks";
			outputFileListPaths = (
				"${PODS_ROOT}/Target Support Files/Pods-Instagram-InstagramUITests/Pods-Instagram-InstagramUITests-frameworks-${CONFIGURATION}-output-files.xcfilelist",
			);
			runOnlyForDeploymentPostprocessing = 0;
			shellPath = /bin/sh;
			shellScript = "\"${PODS_ROOT}/Target Support Files/Pods-Instagram-InstagramUITests/Pods-Instagram-InstagramUITests-frameworks.sh\"\n";
			showEnvVarsInLog = 0;
		};
/* End PBXShellScriptBuildPhase section */

/* Begin PBXSourcesBuildPhase section */
		E44985E026B8D70100C9C844 /* Sources */ = {
			isa = PBXSourcesBuildPhase;
			buildActionMask = 2147483647;
			files = (
				E4012B3626BB46B500CA55E3 /* CustomTextField.swift in Sources */,
				E4CA0AA626BDF022007A7A07 /* ProfileHeader.swift in Sources */,
				E402510C26DA8BBC00FB2C09 /* UploadPostController.swift in Sources */,
				E4822C1A26BA26A5002FB2F8 /* LoginController.swift in Sources */,
				E44985E826B8D70100C9C844 /* AppDelegate.swift in Sources */,
				E449862226B8D91700C9C844 /* SearchController.swift in Sources */,
				E4012B3826BB4D0700CA55E3 /* CustomButton.swift in Sources */,
				E449861E26B8D80200C9C844 /* MainTabController.swift in Sources */,
				E4012B3A26BB4FFC00CA55E3 /* AuthenticationViewModel.swift in Sources */,
				E49EE0FD26D2AF2A00814557 /* UserCell.swift in Sources */,
				E449862626B8D92A00C9C844 /* NotificationsController.swift in Sources */,
				E44985EA26B8D70100C9C844 /* SceneDelegate.swift in Sources */,
				E4CF3D7826BEE95B0015AEA5 /* User.swift in Sources */,
				E4822C1726BA1BE0002FB2F8 /* Extensions.swift in Sources */,
				E4CF3D7A26BEEC710015AEA5 /* ProfileHeaderViewModel.swift in Sources */,
				E402510E26DA90F000FB2C09 /* InputTextView.swift in Sources */,
				E4CF3D7626BEE7630015AEA5 /* Constants.swift in Sources */,
				E449862426B8D92100C9C844 /* ImageSelectorController.swift in Sources */,
				E4B4DE0526D30DC000C293DB /* UserCellViewModel.swift in Sources */,
				E449862026B8D90D00C9C844 /* FeedController.swift in Sources */,
				E449862826B8D93200C9C844 /* ProfileController.swift in Sources */,
				E467BB9026BCD06D00A82800 /* ImageUploader.swift in Sources */,
				E467BB9226BCD08000A82800 /* AuthService.swift in Sources */,
				E4CF3D7426BEE72B0015AEA5 /* UserService.swift in Sources */,
				E4CA0AA426BDF013007A7A07 /* ProfileCell.swift in Sources */,
				E4822C1C26BA26B1002FB2F8 /* RegistrationController.swift in Sources */,
				E4822C1226BA1ACE002FB2F8 /* FeedCell.swift in Sources */,
			);
			runOnlyForDeploymentPostprocessing = 0;
		};
		E44985F626B8D70200C9C844 /* Sources */ = {
			isa = PBXSourcesBuildPhase;
			buildActionMask = 2147483647;
			files = (
				E44985FF26B8D70200C9C844 /* InstagramTests.swift in Sources */,
			);
			runOnlyForDeploymentPostprocessing = 0;
		};
		E449860126B8D70200C9C844 /* Sources */ = {
			isa = PBXSourcesBuildPhase;
			buildActionMask = 2147483647;
			files = (
				E449860A26B8D70200C9C844 /* InstagramUITests.swift in Sources */,
			);
			runOnlyForDeploymentPostprocessing = 0;
		};
/* End PBXSourcesBuildPhase section */

/* Begin PBXTargetDependency section */
		E44985FC26B8D70200C9C844 /* PBXTargetDependency */ = {
			isa = PBXTargetDependency;
			target = E44985E326B8D70100C9C844 /* Instagram */;
			targetProxy = E44985FB26B8D70200C9C844 /* PBXContainerItemProxy */;
		};
		E449860726B8D70200C9C844 /* PBXTargetDependency */ = {
			isa = PBXTargetDependency;
			target = E44985E326B8D70100C9C844 /* Instagram */;
			targetProxy = E449860626B8D70200C9C844 /* PBXContainerItemProxy */;
		};
/* End PBXTargetDependency section */

/* Begin PBXVariantGroup section */
		E44985F226B8D70200C9C844 /* LaunchScreen.storyboard */ = {
			isa = PBXVariantGroup;
			children = (
				E44985F326B8D70200C9C844 /* Base */,
			);
			name = LaunchScreen.storyboard;
			sourceTree = "<group>";
		};
/* End PBXVariantGroup section */

/* Begin XCBuildConfiguration section */
		E449860C26B8D70200C9C844 /* Debug */ = {
			isa = XCBuildConfiguration;
			buildSettings = {
				ALWAYS_SEARCH_USER_PATHS = NO;
				CLANG_ANALYZER_NONNULL = YES;
				CLANG_ANALYZER_NUMBER_OBJECT_CONVERSION = YES_AGGRESSIVE;
				CLANG_CXX_LANGUAGE_STANDARD = "gnu++14";
				CLANG_CXX_LIBRARY = "libc++";
				CLANG_ENABLE_MODULES = YES;
				CLANG_ENABLE_OBJC_ARC = YES;
				CLANG_ENABLE_OBJC_WEAK = YES;
				CLANG_WARN_BLOCK_CAPTURE_AUTORELEASING = YES;
				CLANG_WARN_BOOL_CONVERSION = YES;
				CLANG_WARN_COMMA = YES;
				CLANG_WARN_CONSTANT_CONVERSION = YES;
				CLANG_WARN_DEPRECATED_OBJC_IMPLEMENTATIONS = YES;
				CLANG_WARN_DIRECT_OBJC_ISA_USAGE = YES_ERROR;
				CLANG_WARN_DOCUMENTATION_COMMENTS = YES;
				CLANG_WARN_EMPTY_BODY = YES;
				CLANG_WARN_ENUM_CONVERSION = YES;
				CLANG_WARN_INFINITE_RECURSION = YES;
				CLANG_WARN_INT_CONVERSION = YES;
				CLANG_WARN_NON_LITERAL_NULL_CONVERSION = YES;
				CLANG_WARN_OBJC_IMPLICIT_RETAIN_SELF = YES;
				CLANG_WARN_OBJC_LITERAL_CONVERSION = YES;
				CLANG_WARN_OBJC_ROOT_CLASS = YES_ERROR;
				CLANG_WARN_QUOTED_INCLUDE_IN_FRAMEWORK_HEADER = YES;
				CLANG_WARN_RANGE_LOOP_ANALYSIS = YES;
				CLANG_WARN_STRICT_PROTOTYPES = YES;
				CLANG_WARN_SUSPICIOUS_MOVE = YES;
				CLANG_WARN_UNGUARDED_AVAILABILITY = YES_AGGRESSIVE;
				CLANG_WARN_UNREACHABLE_CODE = YES;
				CLANG_WARN__DUPLICATE_METHOD_MATCH = YES;
				COPY_PHASE_STRIP = NO;
				DEBUG_INFORMATION_FORMAT = dwarf;
				ENABLE_STRICT_OBJC_MSGSEND = YES;
				ENABLE_TESTABILITY = YES;
				GCC_C_LANGUAGE_STANDARD = gnu11;
				GCC_DYNAMIC_NO_PIC = NO;
				GCC_NO_COMMON_BLOCKS = YES;
				GCC_OPTIMIZATION_LEVEL = 0;
				GCC_PREPROCESSOR_DEFINITIONS = (
					"DEBUG=1",
					"$(inherited)",
				);
				GCC_WARN_64_TO_32_BIT_CONVERSION = YES;
				GCC_WARN_ABOUT_RETURN_TYPE = YES_ERROR;
				GCC_WARN_UNDECLARED_SELECTOR = YES;
				GCC_WARN_UNINITIALIZED_AUTOS = YES_AGGRESSIVE;
				GCC_WARN_UNUSED_FUNCTION = YES;
				GCC_WARN_UNUSED_VARIABLE = YES;
				IPHONEOS_DEPLOYMENT_TARGET = 14.5;
				MTL_ENABLE_DEBUG_INFO = INCLUDE_SOURCE;
				MTL_FAST_MATH = YES;
				ONLY_ACTIVE_ARCH = YES;
				SDKROOT = iphoneos;
				SWIFT_ACTIVE_COMPILATION_CONDITIONS = DEBUG;
				SWIFT_OPTIMIZATION_LEVEL = "-Onone";
			};
			name = Debug;
		};
		E449860D26B8D70200C9C844 /* Release */ = {
			isa = XCBuildConfiguration;
			buildSettings = {
				ALWAYS_SEARCH_USER_PATHS = NO;
				CLANG_ANALYZER_NONNULL = YES;
				CLANG_ANALYZER_NUMBER_OBJECT_CONVERSION = YES_AGGRESSIVE;
				CLANG_CXX_LANGUAGE_STANDARD = "gnu++14";
				CLANG_CXX_LIBRARY = "libc++";
				CLANG_ENABLE_MODULES = YES;
				CLANG_ENABLE_OBJC_ARC = YES;
				CLANG_ENABLE_OBJC_WEAK = YES;
				CLANG_WARN_BLOCK_CAPTURE_AUTORELEASING = YES;
				CLANG_WARN_BOOL_CONVERSION = YES;
				CLANG_WARN_COMMA = YES;
				CLANG_WARN_CONSTANT_CONVERSION = YES;
				CLANG_WARN_DEPRECATED_OBJC_IMPLEMENTATIONS = YES;
				CLANG_WARN_DIRECT_OBJC_ISA_USAGE = YES_ERROR;
				CLANG_WARN_DOCUMENTATION_COMMENTS = YES;
				CLANG_WARN_EMPTY_BODY = YES;
				CLANG_WARN_ENUM_CONVERSION = YES;
				CLANG_WARN_INFINITE_RECURSION = YES;
				CLANG_WARN_INT_CONVERSION = YES;
				CLANG_WARN_NON_LITERAL_NULL_CONVERSION = YES;
				CLANG_WARN_OBJC_IMPLICIT_RETAIN_SELF = YES;
				CLANG_WARN_OBJC_LITERAL_CONVERSION = YES;
				CLANG_WARN_OBJC_ROOT_CLASS = YES_ERROR;
				CLANG_WARN_QUOTED_INCLUDE_IN_FRAMEWORK_HEADER = YES;
				CLANG_WARN_RANGE_LOOP_ANALYSIS = YES;
				CLANG_WARN_STRICT_PROTOTYPES = YES;
				CLANG_WARN_SUSPICIOUS_MOVE = YES;
				CLANG_WARN_UNGUARDED_AVAILABILITY = YES_AGGRESSIVE;
				CLANG_WARN_UNREACHABLE_CODE = YES;
				CLANG_WARN__DUPLICATE_METHOD_MATCH = YES;
				COPY_PHASE_STRIP = NO;
				DEBUG_INFORMATION_FORMAT = "dwarf-with-dsym";
				ENABLE_NS_ASSERTIONS = NO;
				ENABLE_STRICT_OBJC_MSGSEND = YES;
				GCC_C_LANGUAGE_STANDARD = gnu11;
				GCC_NO_COMMON_BLOCKS = YES;
				GCC_WARN_64_TO_32_BIT_CONVERSION = YES;
				GCC_WARN_ABOUT_RETURN_TYPE = YES_ERROR;
				GCC_WARN_UNDECLARED_SELECTOR = YES;
				GCC_WARN_UNINITIALIZED_AUTOS = YES_AGGRESSIVE;
				GCC_WARN_UNUSED_FUNCTION = YES;
				GCC_WARN_UNUSED_VARIABLE = YES;
				IPHONEOS_DEPLOYMENT_TARGET = 14.5;
				MTL_ENABLE_DEBUG_INFO = NO;
				MTL_FAST_MATH = YES;
				SDKROOT = iphoneos;
				SWIFT_COMPILATION_MODE = wholemodule;
				SWIFT_OPTIMIZATION_LEVEL = "-O";
				VALIDATE_PRODUCT = YES;
			};
			name = Release;
		};
		E449860F26B8D70200C9C844 /* Debug */ = {
			isa = XCBuildConfiguration;
			baseConfigurationReference = 31858E7F99090474D17ED6F7 /* Pods-Instagram.debug.xcconfig */;
			buildSettings = {
				ASSETCATALOG_COMPILER_APPICON_NAME = AppIcon;
				ASSETCATALOG_COMPILER_GLOBAL_ACCENT_COLOR_NAME = AccentColor;
				CODE_SIGN_STYLE = Automatic;
				DEVELOPMENT_TEAM = 62454W5XCC;
				INFOPLIST_FILE = Instagram/Info.plist;
				LD_RUNPATH_SEARCH_PATHS = (
					"$(inherited)",
					"@executable_path/Frameworks",
				);
				PRODUCT_BUNDLE_IDENTIFIER = ebm.Instagram;
				PRODUCT_NAME = "$(TARGET_NAME)";
				SWIFT_VERSION = 5.0;
				TARGETED_DEVICE_FAMILY = "1,2";
			};
			name = Debug;
		};
		E449861026B8D70200C9C844 /* Release */ = {
			isa = XCBuildConfiguration;
			baseConfigurationReference = 2FEC49D24C13E321802C742E /* Pods-Instagram.release.xcconfig */;
			buildSettings = {
				ASSETCATALOG_COMPILER_APPICON_NAME = AppIcon;
				ASSETCATALOG_COMPILER_GLOBAL_ACCENT_COLOR_NAME = AccentColor;
				CODE_SIGN_STYLE = Automatic;
				DEVELOPMENT_TEAM = 62454W5XCC;
				INFOPLIST_FILE = Instagram/Info.plist;
				LD_RUNPATH_SEARCH_PATHS = (
					"$(inherited)",
					"@executable_path/Frameworks",
				);
				PRODUCT_BUNDLE_IDENTIFIER = ebm.Instagram;
				PRODUCT_NAME = "$(TARGET_NAME)";
				SWIFT_VERSION = 5.0;
				TARGETED_DEVICE_FAMILY = "1,2";
			};
			name = Release;
		};
		E449861226B8D70200C9C844 /* Debug */ = {
			isa = XCBuildConfiguration;
			baseConfigurationReference = DAA3A77105683C9A68C8F85E /* Pods-InstagramTests.debug.xcconfig */;
			buildSettings = {
				ALWAYS_EMBED_SWIFT_STANDARD_LIBRARIES = YES;
				BUNDLE_LOADER = "$(TEST_HOST)";
				CODE_SIGN_STYLE = Automatic;
				DEVELOPMENT_TEAM = 62454W5XCC;
				INFOPLIST_FILE = InstagramTests/Info.plist;
				IPHONEOS_DEPLOYMENT_TARGET = 14.5;
				LD_RUNPATH_SEARCH_PATHS = (
					"$(inherited)",
					"@executable_path/Frameworks",
					"@loader_path/Frameworks",
				);
				PRODUCT_BUNDLE_IDENTIFIER = ebm.InstagramTests;
				PRODUCT_NAME = "$(TARGET_NAME)";
				SWIFT_VERSION = 5.0;
				TARGETED_DEVICE_FAMILY = "1,2";
				TEST_HOST = "$(BUILT_PRODUCTS_DIR)/Instagram.app/Instagram";
			};
			name = Debug;
		};
		E449861326B8D70200C9C844 /* Release */ = {
			isa = XCBuildConfiguration;
			baseConfigurationReference = E756395BFEA8F165DE2D7283 /* Pods-InstagramTests.release.xcconfig */;
			buildSettings = {
				ALWAYS_EMBED_SWIFT_STANDARD_LIBRARIES = YES;
				BUNDLE_LOADER = "$(TEST_HOST)";
				CODE_SIGN_STYLE = Automatic;
				DEVELOPMENT_TEAM = 62454W5XCC;
				INFOPLIST_FILE = InstagramTests/Info.plist;
				IPHONEOS_DEPLOYMENT_TARGET = 14.5;
				LD_RUNPATH_SEARCH_PATHS = (
					"$(inherited)",
					"@executable_path/Frameworks",
					"@loader_path/Frameworks",
				);
				PRODUCT_BUNDLE_IDENTIFIER = ebm.InstagramTests;
				PRODUCT_NAME = "$(TARGET_NAME)";
				SWIFT_VERSION = 5.0;
				TARGETED_DEVICE_FAMILY = "1,2";
				TEST_HOST = "$(BUILT_PRODUCTS_DIR)/Instagram.app/Instagram";
			};
			name = Release;
		};
		E449861526B8D70200C9C844 /* Debug */ = {
			isa = XCBuildConfiguration;
			baseConfigurationReference = 4414273DA91C269AE860B058 /* Pods-Instagram-InstagramUITests.debug.xcconfig */;
			buildSettings = {
				ALWAYS_EMBED_SWIFT_STANDARD_LIBRARIES = YES;
				CODE_SIGN_STYLE = Automatic;
				DEVELOPMENT_TEAM = 62454W5XCC;
				INFOPLIST_FILE = InstagramUITests/Info.plist;
				LD_RUNPATH_SEARCH_PATHS = (
					"$(inherited)",
					"@executable_path/Frameworks",
					"@loader_path/Frameworks",
				);
				PRODUCT_BUNDLE_IDENTIFIER = ebm.InstagramUITests;
				PRODUCT_NAME = "$(TARGET_NAME)";
				SWIFT_VERSION = 5.0;
				TARGETED_DEVICE_FAMILY = "1,2";
				TEST_TARGET_NAME = Instagram;
			};
			name = Debug;
		};
		E449861626B8D70200C9C844 /* Release */ = {
			isa = XCBuildConfiguration;
			baseConfigurationReference = 6272201C544810BD71A9AB9D /* Pods-Instagram-InstagramUITests.release.xcconfig */;
			buildSettings = {
				ALWAYS_EMBED_SWIFT_STANDARD_LIBRARIES = YES;
				CODE_SIGN_STYLE = Automatic;
				DEVELOPMENT_TEAM = 62454W5XCC;
				INFOPLIST_FILE = InstagramUITests/Info.plist;
				LD_RUNPATH_SEARCH_PATHS = (
					"$(inherited)",
					"@executable_path/Frameworks",
					"@loader_path/Frameworks",
				);
				PRODUCT_BUNDLE_IDENTIFIER = ebm.InstagramUITests;
				PRODUCT_NAME = "$(TARGET_NAME)";
				SWIFT_VERSION = 5.0;
				TARGETED_DEVICE_FAMILY = "1,2";
				TEST_TARGET_NAME = Instagram;
			};
			name = Release;
		};
/* End XCBuildConfiguration section */

/* Begin XCConfigurationList section */
		E44985DF26B8D70100C9C844 /* Build configuration list for PBXProject "Instagram" */ = {
			isa = XCConfigurationList;
			buildConfigurations = (
				E449860C26B8D70200C9C844 /* Debug */,
				E449860D26B8D70200C9C844 /* Release */,
			);
			defaultConfigurationIsVisible = 0;
			defaultConfigurationName = Release;
		};
		E449860E26B8D70200C9C844 /* Build configuration list for PBXNativeTarget "Instagram" */ = {
			isa = XCConfigurationList;
			buildConfigurations = (
				E449860F26B8D70200C9C844 /* Debug */,
				E449861026B8D70200C9C844 /* Release */,
			);
			defaultConfigurationIsVisible = 0;
			defaultConfigurationName = Release;
		};
		E449861126B8D70200C9C844 /* Build configuration list for PBXNativeTarget "InstagramTests" */ = {
			isa = XCConfigurationList;
			buildConfigurations = (
				E449861226B8D70200C9C844 /* Debug */,
				E449861326B8D70200C9C844 /* Release */,
			);
			defaultConfigurationIsVisible = 0;
			defaultConfigurationName = Release;
		};
		E449861426B8D70200C9C844 /* Build configuration list for PBXNativeTarget "InstagramUITests" */ = {
			isa = XCConfigurationList;
			buildConfigurations = (
				E449861526B8D70200C9C844 /* Debug */,
				E449861626B8D70200C9C844 /* Release */,
			);
			defaultConfigurationIsVisible = 0;
			defaultConfigurationName = Release;
		};
/* End XCConfigurationList section */
	};
	rootObject = E44985DC26B8D70100C9C844 /* Project object */;
}
